
Microsoft Visual Studio Solution File, Format Version 12.00
# Visual Studio 15
VisualStudioVersion = 15.0.26730.16
MinimumVisualStudioVersion = 10.0.40219.1
Project("{FAE04EC0-301F-11D3-BF4B-00C04F79EFBC}") = "CountriesAssignment", "CountriesAssignment\CountriesAssignment.csproj", "{F33E3EF6-C75A-4D40-A292-43F2D000370F}"
EndProject
Global
	GlobalSection(SolutionConfigurationPlatforms) = preSolution
		Debug|Any CPU = Debug|Any CPU
		Release|Any CPU = Release|Any CPU
	EndGlobalSection
	GlobalSection(ProjectConfigurationPlatforms) = postSolution
		{F33E3EF6-C75A-4D40-A292-43F2D000370F}.Debug|Any CPU.ActiveCfg = Debug|Any CPU
		{F33E3EF6-C75A-4D40-A292-43F2D000370F}.Debug|Any CPU.Build.0 = Debug|Any CPU
		{F33E3EF6-C75A-4D40-A292-43F2D000370F}.Release|Any CPU.ActiveCfg = Release|Any CPU
		{F33E3EF6-C75A-4D40-A292-43F2D000370F}.Release|Any CPU.Build.0 = Release|Any CPU
	EndGlobalSection
	GlobalSection(SolutionProperties) = preSolution
		HideSolutionNode = FALSE
	EndGlobalSection
	GlobalSection(ExtensibilityGlobals) = postSolution
		SolutionGuid = {DED13866-754B-46FF-B230-C77517E6BB30}
	EndGlobalSection
EndGlobal
